// !$*UTF8*$!
{
	archiveVersion = 1;
	classes = {
	};
	objectVersion = 70;
	objects = {

/* Begin PBXBuildFile section */
		3AAFA81392134042A79D1E1C /* ThumbRatingScreen.swift in Sources */ = {isa = PBXBuildFile; fileRef = 25AF3F1E36C041AF815D2D21 /* ThumbRatingScreen.swift */; };
		46B5284D249C5CF400A7725D /* Koin.swift in Sources */ = {isa = PBXBuildFile; fileRef = 46B5284C249C5CF400A7725D /* Koin.swift */; };
		D4EC3EAD30010F610091579C /* KotlinMultiplatformLinkedPackage in Frameworks */ = {isa = PBXBuildFile; productRef = D4EC3EAC30010F610091579C /* KotlinMultiplatformLinkedPackage */; };
		F1465F0123AA94BF0055F7C3 /* AppDelegate.swift in Sources */ = {isa = PBXBuildFile; fileRef = F1465F0023AA94BF0055F7C3 /* AppDelegate.swift */; };
		F1465F0A23AA94BF0055F7C3 /* Assets.xcassets in Resources */ = {isa = PBXBuildFile; fileRef = F1465F0923AA94BF0055F7C3 /* Assets.xcassets */; };
		F1465F0D23AA94BF0055F7C3 /* LaunchScreen.storyboard in Resources */ = {isa = PBXBuildFile; fileRef = F1465F0B23AA94BF0055F7C3 /* LaunchScreen.storyboard */; };
		F1465F1823AA94C00055F7C3 /* PhotoRateiOSTests.swift in Sources */ = {isa = PBXBuildFile; fileRef = F1465F1723AA94C00055F7C3 /* PhotoRateiOSTests.swift */; };
		F1465F2323AA94C00055F7C3 /* PhotoRateiOSUITests.swift in Sources */ = {isa = PBXBuildFile; fileRef = F1465F2223AA94C00055F7C3 /* PhotoRateiOSUITests.swift */; };
/* End PBXBuildFile section */

/* Begin PBXContainerItemProxy section */
		F1465F1423AA94C00055F7C3 /* PBXContainerItemProxy */ = {
			isa = PBXContainerItemProxy;
			containerPortal = F1465EF523AA94BF0055F7C3 /* Project object */;
			proxyType = 1;
			remoteGlobalIDString = F1465EFC23AA94BF0055F7C3;
			remoteInfo = PhotoRateiOS;
		};
		F1465F1F23AA94C00055F7C3 /* PBXContainerItemProxy */ = {
			isa = PBXContainerItemProxy;
			containerPortal = F1465EF523AA94BF0055F7C3 /* Project object */;
			proxyType = 1;
			remoteGlobalIDString = F1465EFC23AA94BF0055F7C3;
			remoteInfo = PhotoRateiOS;
		};
/* End PBXContainerItemProxy section */

/* Begin PBXFileReference section */
		25AF3F1E36C041AF815D2D21 /* ThumbRatingScreen.swift */ = {isa = PBXFileReference; includeInIndex = 1; lastKnownFileType = sourcecode.swift; path = ThumbRatingScreen.swift; sourceTree = "<group>"; };
		46B5284C249C5CF400A7725D /* Koin.swift */ = {isa = PBXFileReference; lastKnownFileType = sourcecode.swift; path = Koin.swift; sourceTree = "<group>"; };
		F1465EFD23AA94BF0055F7C3 /* PhotoRateiOS.app */ = {isa = PBXFileReference; explicitFileType = wrapper.application; includeInIndex = 0; path = PhotoRateiOS.app; sourceTree = BUILT_PRODUCTS_DIR; };
		F1465F0023AA94BF0055F7C3 /* AppDelegate.swift */ = {isa = PBXFileReference; lastKnownFileType = sourcecode.swift; path = AppDelegate.swift; sourceTree = "<group>"; };
		F1465F0923AA94BF0055F7C3 /* Assets.xcassets */ = {isa = PBXFileReference; lastKnownFileType = folder.assetcatalog; path = Assets.xcassets; sourceTree = "<group>"; };
		F1465F0C23AA94BF0055F7C3 /* Base */ = {isa = PBXFileReference; lastKnownFileType = file.storyboard; name = Base; path = Base.lproj/LaunchScreen.storyboard; sourceTree = "<group>"; };
		F1465F0E23AA94BF0055F7C3 /* Info.plist */ = {isa = PBXFileReference; lastKnownFileType = text.plist.xml; path = Info.plist; sourceTree = "<group>"; };
		F1465F1323AA94C00055F7C3 /* PhotoRateiOSTests.xctest */ = {isa = PBXFileReference; explicitFileType = wrapper.cfbundle; includeInIndex = 0; path = PhotoRateiOSTests.xctest; sourceTree = BUILT_PRODUCTS_DIR; };
		F1465F1723AA94C00055F7C3 /* PhotoRateiOSTests.swift */ = {isa = PBXFileReference; lastKnownFileType = sourcecode.swift; path = PhotoRateiOSTests.swift; sourceTree = "<group>"; };
		F1465F1923AA94C00055F7C3 /* Info.plist */ = {isa = PBXFileReference; lastKnownFileType = text.plist.xml; path = Info.plist; sourceTree = "<group>"; };
		F1465F1E23AA94C00055F7C3 /* PhotoRateiOSUITests.xctest */ = {isa = PBXFileReference; explicitFileType = wrapper.cfbundle; includeInIndex = 0; path = PhotoRateiOSUITests.xctest; sourceTree = BUILT_PRODUCTS_DIR; };
		F1465F2223AA94C00055F7C3 /* PhotoRateiOSUITests.swift */ = {isa = PBXFileReference; lastKnownFileType = sourcecode.swift; path = PhotoRateiOSUITests.swift; sourceTree = "<group>"; };
		F1465F2423AA94C00055F7C3 /* Info.plist */ = {isa = PBXFileReference; lastKnownFileType = text.plist.xml; path = Info.plist; sourceTree = "<group>"; };
/* End PBXFileReference section */

/* Begin PBXFileSystemSynchronizedRootGroup section */
		D42FBB5130612FC400E4A39A /* feature */ = {isa = PBXFileSystemSynchronizedRootGroup; explicitFileTypes = {}; explicitFolders = (); path = feature; sourceTree = "<group>"; };
/* End PBXFileSystemSynchronizedRootGroup section */

/* Begin PBXFrameworksBuildPhase section */
		F1465EFA23AA94BF0055F7C3 /* Frameworks */ = {
			isa = PBXFrameworksBuildPhase;
			buildActionMask = 2147483647;
			files = (
				D4EC3EAD30010F610091579C /* KotlinMultiplatformLinkedPackage in Frameworks */,
			);
			runOnlyForDeploymentPostprocessing = 0;
		};
		F1465F1023AA94C00055F7C3 /* Frameworks */ = {
			isa = PBXFrameworksBuildPhase;
			buildActionMask = 2147483647;
			files = (
			);
			runOnlyForDeploymentPostprocessing = 0;
		};
		F1465F1B23AA94C00055F7C3 /* Frameworks */ = {
			isa = PBXFrameworksBuildPhase;
			buildActionMask = 2147483647;
			files = (
			);
			runOnlyForDeploymentPostprocessing = 0;
		};
/* End PBXFrameworksBuildPhase section */

/* Begin PBXGroup section */
		6278498AD96A4D949D39BF44 /* Frameworks */ = {
			isa = PBXGroup;
			children = (
			);
			name = Frameworks;
			sourceTree = "<group>";
		};
		F1465EF423AA94BF0055F7C3 = {
			isa = PBXGroup;
			children = (
				F1465EFF23AA94BF0055F7C3 /* PhotoRateiOS */,
				F1465F1623AA94C00055F7C3 /* PhotoRateiOSTests */,
				F1465F2123AA94C00055F7C3 /* PhotoRateiOSUITests */,
				F1465EFE23AA94BF0055F7C3 /* Products */,
				6278498AD96A4D949D39BF44 /* Frameworks */,
			);
			sourceTree = "<group>";
		};
		F1465EFE23AA94BF0055F7C3 /* Products */ = {
			isa = PBXGroup;
			children = (
				F1465EFD23AA94BF0055F7C3 /* PhotoRateiOS.app */,
				F1465F1323AA94C00055F7C3 /* PhotoRateiOSTests.xctest */,
				F1465F1E23AA94C00055F7C3 /* PhotoRateiOSUITests.xctest */,
			);
			name = Products;
			sourceTree = "<group>";
		};
		F1465EFF23AA94BF0055F7C3 /* PhotoRateiOS */ = {
			isa = PBXGroup;
			children = (
				D42FBB5130612FC400E4A39A /* feature */,
				F1465F0023AA94BF0055F7C3 /* AppDelegate.swift */,
				46B5284C249C5CF400A7725D /* Koin.swift */,
				F1465F0923AA94BF0055F7C3 /* Assets.xcassets */,
				F1465F0B23AA94BF0055F7C3 /* LaunchScreen.storyboard */,
				F1465F0E23AA94BF0055F7C3 /* Info.plist */,
				25AF3F1E36C041AF815D2D21 /* ThumbRatingScreen.swift */,
			);
			path = PhotoRateiOS;
			sourceTree = "<group>";
		};
		F1465F1623AA94C00055F7C3 /* PhotoRateiOSTests */ = {
			isa = PBXGroup;
			children = (
				F1465F1723AA94C00055F7C3 /* PhotoRateiOSTests.swift */,
				F1465F1923AA94C00055F7C3 /* Info.plist */,
			);
			path = PhotoRateiOSTests;
			sourceTree = "<group>";
		};
		F1465F2123AA94C00055F7C3 /* PhotoRateiOSUITests */ = {
			isa = PBXGroup;
			children = (
				F1465F2223AA94C00055F7C3 /* PhotoRateiOSUITests.swift */,
				F1465F2423AA94C00055F7C3 /* Info.plist */,
			);
			path = PhotoRateiOSUITests;
			sourceTree = "<group>";
		};
/* End PBXGroup section */

/* Begin PBXNativeTarget section */
		F1465EFC23AA94BF0055F7C3 /* PhotoRateiOS */ = {
			isa = PBXNativeTarget;
			buildConfigurationList = F1465F2723AA94C00055F7C3 /* Build configuration list for PBXNativeTarget "PhotoRateiOS" */;
			buildPhases = (
				9C16E6F82C0618F100154B87 /* ShellScript */,
				28486F1DF10DDE57A0B78907 /* Stage LiteRT Models & Dylib */,
				F1465EF923AA94BF0055F7C3 /* Sources */,
				F1465EFA23AA94BF0055F7C3 /* Frameworks */,
				F1465EFB23AA94BF0055F7C3 /* Resources */,
			);
			buildRules = (
			);
			dependencies = (
			);
			fileSystemSynchronizedGroups = (
				D42FBB5130612FC400E4A39A /* feature */,
			);
			name = PhotoRateiOS;
			packageProductDependencies = (
				D4EC3EAC30010F610091579C /* KotlinMultiplatformLinkedPackage */,
			);
			productName = PhotoRateiOS;
			productReference = F1465EFD23AA94BF0055F7C3 /* PhotoRateiOS.app */;
			productType = "com.apple.product-type.application";
		};
		F1465F1223AA94C00055F7C3 /* PhotoRateiOSTests */ = {
			isa = PBXNativeTarget;
			buildConfigurationList = F1465F2A23AA94C00055F7C3 /* Build configuration list for PBXNativeTarget "PhotoRateiOSTests" */;
			buildPhases = (
				F1465F0F23AA94C00055F7C3 /* Sources */,
				F1465F1023AA94C00055F7C3 /* Frameworks */,
				F1465F1123AA94C00055F7C3 /* Resources */,
			);
			buildRules = (
			);
			dependencies = (
				F1465F1523AA94C00055F7C3 /* PBXTargetDependency */,
			);
			name = PhotoRateiOSTests;
			productName = PhotoRateiOSTests;
			productReference = F1465F1323AA94C00055F7C3 /* PhotoRateiOSTests.xctest */;
			productType = "com.apple.product-type.bundle.unit-test";
		};
		F1465F1D23AA94C00055F7C3 /* PhotoRateiOSUITests */ = {
			isa = PBXNativeTarget;
			buildConfigurationList = F1465F2D23AA94C00055F7C3 /* Build configuration list for PBXNativeTarget "PhotoRateiOSUITests" */;
			buildPhases = (
				F1465F1A23AA94C00055F7C3 /* Sources */,
				F1465F1B23AA94C00055F7C3 /* Frameworks */,
				F1465F1C23AA94C00055F7C3 /* Resources */,
			);
			buildRules = (
			);
			dependencies = (
				F1465F2023AA94C00055F7C3 /* PBXTargetDependency */,
			);
			name = PhotoRateiOSUITests;
			productName = PhotoRateiOSUITests;
			productReference = F1465F1E23AA94C00055F7C3 /* PhotoRateiOSUITests.xctest */;
			productType = "com.apple.product-type.bundle.ui-testing";
		};
/* End PBXNativeTarget section */

/* Begin PBXProject section */
		F1465EF523AA94BF0055F7C3 /* Project object */ = {
			isa = PBXProject;
			attributes = {
				LastSwiftUpdateCheck = 1120;
				LastUpgradeCheck = 1220;
				ORGANIZATIONNAME = "";
				TargetAttributes = {
					F1465EFC23AA94BF0055F7C3 = {
						CreatedOnToolsVersion = 11.2.1;
					};
					F1465F1223AA94C00055F7C3 = {
						CreatedOnToolsVersion = 11.2.1;
						TestTargetID = F1465EFC23AA94BF0055F7C3;
					};
					F1465F1D23AA94C00055F7C3 = {
						CreatedOnToolsVersion = 11.2.1;
						TestTargetID = F1465EFC23AA94BF0055F7C3;
					};
				};
			};
			buildConfigurationList = F1465EF823AA94BF0055F7C3 /* Build configuration list for PBXProject "PhotoRateiOS" */;
			compatibilityVersion = "Xcode 9.3";
			developmentRegion = en;
			hasScannedForEncodings = 0;
			knownRegions = (
				en,
				Base,
			);
			mainGroup = F1465EF423AA94BF0055F7C3;
			packageReferences = (
				531DE9BE38CB3FBB78BA34CB /* XCLocalSwiftPackageReference "KotlinMultiplatformLinkedPackage" */,
			);
			productRefGroup = F1465EFE23AA94BF0055F7C3 /* Products */;
			projectDirPath = "";
			projectRoot = "";
			targets = (
				F1465EFC23AA94BF0055F7C3 /* PhotoRateiOS */,
				F1465F1223AA94C00055F7C3 /* PhotoRateiOSTests */,
				F1465F1D23AA94C00055F7C3 /* PhotoRateiOSUITests */,
			);
		};
/* End PBXProject section */

/* Begin PBXResourcesBuildPhase section */
		F1465EFB23AA94BF0055F7C3 /* Resources */ = {
			isa = PBXResourcesBuildPhase;
			buildActionMask = 2147483647;
			files = (
				F1465F0D23AA94BF0055F7C3 /* LaunchScreen.storyboard in Resources */,
				F1465F0A23AA94BF0055F7C3 /* Assets.xcassets in Resources */,
			);
			runOnlyForDeploymentPostprocessing = 0;
		};
		F1465F1123AA94C00055F7C3 /* Resources */ = {
			isa = PBXResourcesBuildPhase;
			buildActionMask = 2147483647;
			files = (
			);
			runOnlyForDeploymentPostprocessing = 0;
		};
		F1465F1C23AA94C00055F7C3 /* Resources */ = {
			isa = PBXResourcesBuildPhase;
			buildActionMask = 2147483647;
			files = (
			);
			runOnlyForDeploymentPostprocessing = 0;
		};
/* End PBXResourcesBuildPhase section */

/* Begin PBXShellScriptBuildPhase section */
		28486F1DF10DDE57A0B78907 /* Stage LiteRT Models & Dylib */ = {
			isa = PBXShellScriptBuildPhase;
			buildActionMask = 2147483647;
			files = (
			);
			inputFileListPaths = (
			);
			inputPaths = (
				ml/litert/converted/rtmdet_hand_320_f32.tflite,
				ml/litert/converted/rtmpose_hand_256_f32.tflite,
				ml/litert/converted/clip_s1_combined_f16.tflite,
				ml/litert/tokenizer/tokenizer.json,
			);
			name = "Stage LiteRT Models & Dylib";
			outputFileListPaths = (
			);
			outputPaths = (
				"$(TARGET_BUILD_DIR)/$(UNLOCALIZED_RESOURCES_FOLDER_PATH)/rtmdet_hand_320_f32.tflite",
				"$(TARGET_BUILD_DIR)/$(UNLOCALIZED_RESOURCES_FOLDER_PATH)/rtmpose_hand_256_f32.tflite",
				"$(TARGET_BUILD_DIR)/$(UNLOCALIZED_RESOURCES_FOLDER_PATH)/clip_s1_combined_f16.tflite",
				"$(TARGET_BUILD_DIR)/$(UNLOCALIZED_RESOURCES_FOLDER_PATH)/tokenizer.json",
				"$(TARGET_BUILD_DIR)/$(FRAMEWORKS_FOLDER_PATH)/libLiteRt.dylib",
			);
			runOnlyForDeploymentPostprocessing = 0;
			shellPath = /bin/bash;
			shellScript = "set -euo pipefail\n\nREPO_ROOT=\"$SRCROOT/..\"\nMODELS_DIR=\"$REPO_ROOT/ml/litert/converted\"\nTOKENIZER=\"$REPO_ROOT/ml/litert/tokenizer/tokenizer.json\"\nRESOURCES_DIR=\"${TARGET_BUILD_DIR}/${UNLOCALIZED_RESOURCES_FOLDER_PATH}\"\nFRAMEWORKS_DIR=\"${TARGET_BUILD_DIR}/${FRAMEWORKS_FOLDER_PATH}\"\n\nMODEL_FILES=(\n  \"rtmdet_hand_320_f32.tflite\"\n  \"rtmpose_hand_256_f32.tflite\"\n  \"clip_s1_combined_f16.tflite\"\n)\n\nfor f in \"${MODEL_FILES[@]}\"; do\n  if [ ! -f \"$MODELS_DIR/$f\" ]; then\n    echo \"error: missing model $MODELS_DIR/$f\" >&2\n    exit 1\n  fi\ndone\nif [ ! -f \"$TOKENIZER\" ]; then\n  echo \"error: missing tokenizer $TOKENIZER\" >&2\n  exit 1\nfi\n\ncase \"$PLATFORM_NAME\" in\n  iphoneos) DYLIB_SRC=\"$REPO_ROOT/ml/litert_cpp/libLiteRt-ios.dylib\" ;;\n  *)        DYLIB_SRC=\"$REPO_ROOT/ml/litert_cpp/libLiteRt-simulator.dylib\" ;;\nesac\nif [ ! -f \"$DYLIB_SRC\" ]; then\n  echo \"error: missing dylib $DYLIB_SRC\" >&2\n  exit 1\nfi\n\nmkdir -p \"$RESOURCES_DIR\" \"$FRAMEWORKS_DIR\"\n\nfor f in \"${MODEL_FILES[@]}\"; do\n  cp -c \"$MODELS_DIR/$f\" \"$RESOURCES_DIR/$f\"\ndone\ncp -c \"$TOKENIZER\" \"$RESOURCES_DIR/tokenizer.json\"\n\ncp -c \"$DYLIB_SRC\" \"$FRAMEWORKS_DIR/libLiteRt.dylib\"\nif command -v codesign > /dev/null; then\n  codesign --force --sign - --timestamp \"$FRAMEWORKS_DIR/libLiteRt.dylib\" 2>/dev/null || true\nfi\n\necho \"info: staged LiteRT models + libLiteRt.dylib\"\n";
		};
		9C16E6F82C0618F100154B87 /* ShellScript */ = {
			isa = PBXShellScriptBuildPhase;
			buildActionMask = 2147483647;
			files = (
			);
			inputFileListPaths = (
			);
			inputPaths = (
			);
			outputFileListPaths = (
			);
			outputPaths = (
			);
			runOnlyForDeploymentPostprocessing = 0;
			shellPath = /bin/sh;
			shellScript = "export GRADLE_USER_HOME=\"${HOME}/.gradle\"\nexport KONAN_DATA_DIR=\"${SRCROOT}/../.konan\"\nexport JAVA_TOOL_OPTIONS=\"-Djava.net.preferIPv4Stack=true -Duser.home=${SRCROOT}/../.fakehome\"\nif [ \"YES\" = \"$OVERRIDE_KOTLIN_BUILD_IDE_SUPPORTED\" ]; then\n  echo \"Skipping Gradle build task invocation due to OVERRIDE_KOTLIN_BUILD_IDE_SUPPORTED environment variable set to \\\"YES\\\"\"\n  exit 0\nfi\ncd \"$SRCROOT/..\"\n./gradlew :shared:embedAndSignAppleFrameworkForXcode";
		};
/* End PBXShellScriptBuildPhase section */

/* Begin PBXSourcesBuildPhase section */
		F1465EF923AA94BF0055F7C3 /* Sources */ = {
			isa = PBXSourcesBuildPhase;
			buildActionMask = 2147483647;
			files = (
				46B5284D249C5CF400A7725D /* Koin.swift in Sources */,
				F1465F0123AA94BF0055F7C3 /* AppDelegate.swift in Sources */,
				3AAFA81392134042A79D1E1C /* ThumbRatingScreen.swift in Sources */,
			);
			runOnlyForDeploymentPostprocessing = 0;
		};
		F1465F0F23AA94C00055F7C3 /* Sources */ = {
			isa = PBXSourcesBuildPhase;
			buildActionMask = 2147483647;
			files = (
				F1465F1823AA94C00055F7C3 /* PhotoRateiOSTests.swift in Sources */,
			);
			runOnlyForDeploymentPostprocessing = 0;
		};
		F1465F1A23AA94C00055F7C3 /* Sources */ = {
			isa = PBXSourcesBuildPhase;
			buildActionMask = 2147483647;
			files = (
				F1465F2323AA94C00055F7C3 /* PhotoRateiOSUITests.swift in Sources */,
			);
			runOnlyForDeploymentPostprocessing = 0;
		};
/* End PBXSourcesBuildPhase section */

/* Begin PBXTargetDependency section */
		F1465F1523AA94C00055F7C3 /* PBXTargetDependency */ = {
			isa = PBXTargetDependency;
			target = F1465EFC23AA94BF0055F7C3 /* PhotoRateiOS */;
			targetProxy = F1465F1423AA94C00055F7C3 /* PBXContainerItemProxy */;
		};
		F1465F2023AA94C00055F7C3 /* PBXTargetDependency */ = {
			isa = PBXTargetDependency;
			target = F1465EFC23AA94BF0055F7C3 /* PhotoRateiOS */;
			targetProxy = F1465F1F23AA94C00055F7C3 /* PBXContainerItemProxy */;
		};
/* End PBXTargetDependency section */

/* Begin PBXVariantGroup section */
		F1465F0B23AA94BF0055F7C3 /* LaunchScreen.storyboard */ = {
			isa = PBXVariantGroup;
			children = (
				F1465F0C23AA94BF0055F7C3 /* Base */,
			);
			name = LaunchScreen.storyboard;
			sourceTree = "<group>";
		};
/* End PBXVariantGroup section */

/* Begin XCBuildConfiguration section */
		F1465F2523AA94C00055F7C3 /* Debug */ = {
			isa = XCBuildConfiguration;
			buildSettings = {
				ALWAYS_SEARCH_USER_PATHS = NO;
				CLANG_ANALYZER_NONNULL = YES;
				CLANG_ANALYZER_NUMBER_OBJECT_CONVERSION = YES_AGGRESSIVE;
				CLANG_CXX_LANGUAGE_STANDARD = "gnu++14";
				CLANG_CXX_LIBRARY = "libc++";
				CLANG_ENABLE_MODULES = YES;
				CLANG_ENABLE_OBJC_ARC = YES;
				CLANG_ENABLE_OBJC_WEAK = YES;
				CLANG_WARN_BLOCK_CAPTURE_AUTORELEASING = YES;
				CLANG_WARN_BOOL_CONVERSION = YES;
				CLANG_WARN_COMMA = YES;
				CLANG_WARN_CONSTANT_CONVERSION = YES;
				CLANG_WARN_DEPRECATED_OBJC_IMPLEMENTATIONS = YES;
				CLANG_WARN_DIRECT_OBJC_ISA_USAGE = YES_ERROR;
				CLANG_WARN_DOCUMENTATION_COMMENTS = YES;
				CLANG_WARN_EMPTY_BODY = YES;
				CLANG_WARN_ENUM_CONVERSION = YES;
				CLANG_WARN_INFINITE_RECURSION = YES;
				CLANG_WARN_INT_CONVERSION = YES;
				CLANG_WARN_NON_LITERAL_NULL_CONVERSION = YES;
				CLANG_WARN_OBJC_IMPLICIT_RETAIN_SELF = YES;
				CLANG_WARN_OBJC_LITERAL_CONVERSION = YES;
				CLANG_WARN_OBJC_ROOT_CLASS = YES_ERROR;
				CLANG_WARN_QUOTED_INCLUDE_IN_FRAMEWORK_HEADER = YES;
				CLANG_WARN_RANGE_LOOP_ANALYSIS = YES;
				CLANG_WARN_STRICT_PROTOTYPES = YES;
				CLANG_WARN_SUSPICIOUS_MOVE = YES;
				CLANG_WARN_UNGUARDED_AVAILABILITY = YES_AGGRESSIVE;
				CLANG_WARN_UNREACHABLE_CODE = YES;
				CLANG_WARN__DUPLICATE_METHOD_MATCH = YES;
				CODE_SIGN_IDENTITY = "Apple Development: brady.aiello@gmail.com (94U525PPDD)";
				COPY_PHASE_STRIP = NO;
				DEBUG_INFORMATION_FORMAT = dwarf;
				DEVELOPMENT_TEAM = 6A5MWU525T;
				ENABLE_STRICT_OBJC_MSGSEND = YES;
				ENABLE_TESTABILITY = YES;
				ENABLE_USER_SCRIPT_SANDBOXING = NO;
				GCC_C_LANGUAGE_STANDARD = gnu11;
				GCC_DYNAMIC_NO_PIC = NO;
				GCC_NO_COMMON_BLOCKS = YES;
				GCC_OPTIMIZATION_LEVEL = 0;
				GCC_PREPROCESSOR_DEFINITIONS = (
					"DEBUG=1",
					"$(inherited)",
				);
				GCC_WARN_64_TO_32_BIT_CONVERSION = YES;
				GCC_WARN_ABOUT_RETURN_TYPE = YES_ERROR;
				GCC_WARN_UNDECLARED_SELECTOR = YES;
				GCC_WARN_UNINITIALIZED_AUTOS = YES_AGGRESSIVE;
				GCC_WARN_UNUSED_FUNCTION = YES;
				GCC_WARN_UNUSED_VARIABLE = YES;
				IPHONEOS_DEPLOYMENT_TARGET = 17.6;
				MTL_ENABLE_DEBUG_INFO = INCLUDE_SOURCE;
				MTL_FAST_MATH = YES;
				ONLY_ACTIVE_ARCH = YES;
				SDKROOT = iphoneos;
				SWIFT_ACTIVE_COMPILATION_CONDITIONS = DEBUG;
				SWIFT_OPTIMIZATION_LEVEL = "-Onone";
			};
			name = Debug;
		};
		F1465F2623AA94C00055F7C3 /* Release */ = {
			isa = XCBuildConfiguration;
			buildSettings = {
				ALWAYS_SEARCH_USER_PATHS = NO;
				CLANG_ANALYZER_NONNULL = YES;
				CLANG_ANALYZER_NUMBER_OBJECT_CONVERSION = YES_AGGRESSIVE;
				CLANG_CXX_LANGUAGE_STANDARD = "gnu++14";
				CLANG_CXX_LIBRARY = "libc++";
				CLANG_ENABLE_MODULES = YES;
				CLANG_ENABLE_OBJC_ARC = YES;
				CLANG_ENABLE_OBJC_WEAK = YES;
				CLANG_WARN_BLOCK_CAPTURE_AUTORELEASING = YES;
				CLANG_WARN_BOOL_CONVERSION = YES;
				CLANG_WARN_COMMA = YES;
				CLANG_WARN_CONSTANT_CONVERSION = YES;
				CLANG_WARN_DEPRECATED_OBJC_IMPLEMENTATIONS = YES;
				CLANG_WARN_DIRECT_OBJC_ISA_USAGE = YES_ERROR;
				CLANG_WARN_DOCUMENTATION_COMMENTS = YES;
				CLANG_WARN_EMPTY_BODY = YES;
				CLANG_WARN_ENUM_CONVERSION = YES;
				CLANG_WARN_INFINITE_RECURSION = YES;
				CLANG_WARN_INT_CONVERSION = YES;
				CLANG_WARN_NON_LITERAL_NULL_CONVERSION = YES;
				CLANG_WARN_OBJC_IMPLICIT_RETAIN_SELF = YES;
				CLANG_WARN_OBJC_LITERAL_CONVERSION = YES;
				CLANG_WARN_OBJC_ROOT_CLASS = YES_ERROR;
				CLANG_WARN_QUOTED_INCLUDE_IN_FRAMEWORK_HEADER = YES;
				CLANG_WARN_RANGE_LOOP_ANALYSIS = YES;
				CLANG_WARN_STRICT_PROTOTYPES = YES;
				CLANG_WARN_SUSPICIOUS_MOVE = YES;
				CLANG_WARN_UNGUARDED_AVAILABILITY = YES_AGGRESSIVE;
				CLANG_WARN_UNREACHABLE_CODE = YES;
				CLANG_WARN__DUPLICATE_METHOD_MATCH = YES;
				CODE_SIGN_IDENTITY = "Apple Development: brady.aiello@gmail.com (94U525PPDD)";
				COPY_PHASE_STRIP = NO;
				DEBUG_INFORMATION_FORMAT = "dwarf-with-dsym";
				DEVELOPMENT_TEAM = 6A5MWU525T;
				ENABLE_NS_ASSERTIONS = NO;
				ENABLE_STRICT_OBJC_MSGSEND = YES;
				ENABLE_TESTABILITY = YES;
				ENABLE_USER_SCRIPT_SANDBOXING = NO;
				GCC_C_LANGUAGE_STANDARD = gnu11;
				GCC_NO_COMMON_BLOCKS = YES;
				GCC_WARN_64_TO_32_BIT_CONVERSION = YES;
				GCC_WARN_ABOUT_RETURN_TYPE = YES_ERROR;
				GCC_WARN_UNDECLARED_SELECTOR = YES;
				GCC_WARN_UNINITIALIZED_AUTOS = YES_AGGRESSIVE;
				GCC_WARN_UNUSED_FUNCTION = YES;
				GCC_WARN_UNUSED_VARIABLE = YES;
				IPHONEOS_DEPLOYMENT_TARGET = 17.6;
				MTL_ENABLE_DEBUG_INFO = NO;
				MTL_FAST_MATH = YES;
				ONLY_ACTIVE_ARCH = YES;
				SDKROOT = iphoneos;
				SWIFT_COMPILATION_MODE = wholemodule;
				SWIFT_OPTIMIZATION_LEVEL = "-O";
				VALIDATE_PRODUCT = YES;
			};
			name = Release;
		};
		F1465F2823AA94C00055F7C3 /* Debug */ = {
			isa = XCBuildConfiguration;
			buildSettings = {
				ASSETCATALOG_COMPILER_APPICON_NAME = AppIcon;
				CODE_SIGN_IDENTITY = "Apple Development";
				CODE_SIGN_STYLE = Automatic;
				DEVELOPMENT_TEAM = "";
				FRAMEWORK_SEARCH_PATHS = "$(inherited)";
				INFOPLIST_FILE = PhotoRateiOS/Info.plist;
				IPHONEOS_DEPLOYMENT_TARGET = 17.6;
				LD_RUNPATH_SEARCH_PATHS = (
					"$(inherited)",
					"@executable_path/Frameworks",
				);
				LIBRARY_SEARCH_PATHS = (
					"$(inherited)",
					"$(TARGET_BUILD_DIR)/$(FRAMEWORKS_FOLDER_PATH)",
				);
				OTHER_LDFLAGS = (
					"$(inherited)",
					"-ObjC",
					"-l\"c++\"",
					"-lsqlite3",
					"-lLiteRt",
				);
				PRODUCT_BUNDLE_IDENTIFIER = isao.photorate.ios;
				PRODUCT_NAME = "$(TARGET_NAME)";
				SWIFT_VERSION = 5.0;
				TARGETED_DEVICE_FAMILY = "1,2";
			};
			name = Debug;
		};
		F1465F2923AA94C00055F7C3 /* Release */ = {
			isa = XCBuildConfiguration;
			buildSettings = {
				ASSETCATALOG_COMPILER_APPICON_NAME = AppIcon;
				CODE_SIGN_IDENTITY = "Apple Development";
				CODE_SIGN_STYLE = Automatic;
				DEVELOPMENT_TEAM = "";
				FRAMEWORK_SEARCH_PATHS = "$(inherited)";
				INFOPLIST_FILE = PhotoRateiOS/Info.plist;
				IPHONEOS_DEPLOYMENT_TARGET = 17.6;
				LD_RUNPATH_SEARCH_PATHS = (
					"$(inherited)",
					"@executable_path/Frameworks",
				);
				LIBRARY_SEARCH_PATHS = (
					"$(inherited)",
					"$(TARGET_BUILD_DIR)/$(FRAMEWORKS_FOLDER_PATH)",
				);
				OTHER_LDFLAGS = (
					"$(inherited)",
					"-ObjC",
					"-l\"c++\"",
					"-lsqlite3",
					"-lLiteRt",
				);
				PRODUCT_BUNDLE_IDENTIFIER = isao.photorate.ios;
				PRODUCT_NAME = "$(TARGET_NAME)";
				SWIFT_VERSION = 5.0;
				TARGETED_DEVICE_FAMILY = "1,2";
			};
			name = Release;
		};
		F1465F2B23AA94C00055F7C3 /* Debug */ = {
			isa = XCBuildConfiguration;
			buildSettings = {
				ALWAYS_EMBED_SWIFT_STANDARD_LIBRARIES = YES;
				BUNDLE_LOADER = "$(TEST_HOST)";
				CODE_SIGN_STYLE = Automatic;
				INFOPLIST_FILE = PhotoRateiOSTests/Info.plist;
				IPHONEOS_DEPLOYMENT_TARGET = 17.6;
				LD_RUNPATH_SEARCH_PATHS = (
					"$(inherited)",
					"@executable_path/Frameworks",
					"@loader_path/Frameworks",
				);
				PRODUCT_BUNDLE_IDENTIFIER = touchlab.PhotoRateiOSTests;
				PRODUCT_NAME = "$(TARGET_NAME)";
				SWIFT_VERSION = 5.0;
				TARGETED_DEVICE_FAMILY = "1,2";
				TEST_HOST = "$(BUILT_PRODUCTS_DIR)/PhotoRateiOS.app/PhotoRateiOS";
			};
			name = Debug;
		};
		F1465F2C23AA94C00055F7C3 /* Release */ = {
			isa = XCBuildConfiguration;
			buildSettings = {
				ALWAYS_EMBED_SWIFT_STANDARD_LIBRARIES = YES;
				BUNDLE_LOADER = "$(TEST_HOST)";
				CODE_SIGN_STYLE = Automatic;
				INFOPLIST_FILE = PhotoRateiOSTests/Info.plist;
				IPHONEOS_DEPLOYMENT_TARGET = 17.6;
				LD_RUNPATH_SEARCH_PATHS = (
					"$(inherited)",
					"@executable_path/Frameworks",
					"@loader_path/Frameworks",
				);
				PRODUCT_BUNDLE_IDENTIFIER = touchlab.PhotoRateiOSTests;
				PRODUCT_NAME = "$(TARGET_NAME)";
				SWIFT_VERSION = 5.0;
				TARGETED_DEVICE_FAMILY = "1,2";
				TEST_HOST = "$(BUILT_PRODUCTS_DIR)/PhotoRateiOS.app/PhotoRateiOS";
			};
			name = Release;
		};
		F1465F2E23AA94C00055F7C3 /* Debug */ = {
			isa = XCBuildConfiguration;
			buildSettings = {
				ALWAYS_EMBED_SWIFT_STANDARD_LIBRARIES = YES;
				CODE_SIGN_STYLE = Automatic;
				INFOPLIST_FILE = PhotoRateiOSUITests/Info.plist;
				LD_RUNPATH_SEARCH_PATHS = (
					"$(inherited)",
					"@executable_path/Frameworks",
					"@loader_path/Frameworks",
				);
				PRODUCT_BUNDLE_IDENTIFIER = touchlab.PhotoRateiOSUITests;
				PRODUCT_NAME = "$(TARGET_NAME)";
				SWIFT_VERSION = 5.0;
				TARGETED_DEVICE_FAMILY = "1,2";
				TEST_TARGET_NAME = PhotoRateiOS;
			};
			name = Debug;
		};
		F1465F2F23AA94C00055F7C3 /* Release */ = {
			isa = XCBuildConfiguration;
			buildSettings = {
				ALWAYS_EMBED_SWIFT_STANDARD_LIBRARIES = YES;
				CODE_SIGN_STYLE = Automatic;
				INFOPLIST_FILE = PhotoRateiOSUITests/Info.plist;
				LD_RUNPATH_SEARCH_PATHS = (
					"$(inherited)",
					"@executable_path/Frameworks",
					"@loader_path/Frameworks",
				);
				PRODUCT_BUNDLE_IDENTIFIER = touchlab.PhotoRateiOSUITests;
				PRODUCT_NAME = "$(TARGET_NAME)";
				SWIFT_VERSION = 5.0;
				TARGETED_DEVICE_FAMILY = "1,2";
				TEST_TARGET_NAME = PhotoRateiOS;
			};
			name = Release;
		};
/* End XCBuildConfiguration section */

/* Begin XCConfigurationList section */
		F1465EF823AA94BF0055F7C3 /* Build configuration list for PBXProject "PhotoRateiOS" */ = {
			isa = XCConfigurationList;
			buildConfigurations = (
				F1465F2523AA94C00055F7C3 /* Debug */,
				F1465F2623AA94C00055F7C3 /* Release */,
			);
			defaultConfigurationIsVisible = 0;
			defaultConfigurationName = Release;
		};
		F1465F2723AA94C00055F7C3 /* Build configuration list for PBXNativeTarget "PhotoRateiOS" */ = {
			isa = XCConfigurationList;
			buildConfigurations = (
				F1465F2823AA94C00055F7C3 /* Debug */,
				F1465F2923AA94C00055F7C3 /* Release */,
			);
			defaultConfigurationIsVisible = 0;
			defaultConfigurationName = Release;
		};
		F1465F2A23AA94C00055F7C3 /* Build configuration list for PBXNativeTarget "PhotoRateiOSTests" */ = {
			isa = XCConfigurationList;
			buildConfigurations = (
				F1465F2B23AA94C00055F7C3 /* Debug */,
				F1465F2C23AA94C00055F7C3 /* Release */,
			);
			defaultConfigurationIsVisible = 0;
			defaultConfigurationName = Release;
		};
		F1465F2D23AA94C00055F7C3 /* Build configuration list for PBXNativeTarget "PhotoRateiOSUITests" */ = {
			isa = XCConfigurationList;
			buildConfigurations = (
				F1465F2E23AA94C00055F7C3 /* Debug */,
				F1465F2F23AA94C00055F7C3 /* Release */,
			);
			defaultConfigurationIsVisible = 0;
			defaultConfigurationName = Release;
		};
/* End XCConfigurationList section */

/* Begin XCLocalSwiftPackageReference section */
		531DE9BE38CB3FBB78BA34CB /* XCLocalSwiftPackageReference "KotlinMultiplatformLinkedPackage" */ = {
			isa = XCLocalSwiftPackageReference;
			relativePath = KotlinMultiplatformLinkedPackage;
		};
/* End XCLocalSwiftPackageReference section */

/* Begin XCSwiftPackageProductDependency section */
		D4EC3EAC30010F610091579C /* KotlinMultiplatformLinkedPackage */ = {
			isa = XCSwiftPackageProductDependency;
			package = 531DE9BE38CB3FBB78BA34CB /* XCLocalSwiftPackageReference "KotlinMultiplatformLinkedPackage" */;
			productName = KotlinMultiplatformLinkedPackage;
		};
/* End XCSwiftPackageProductDependency section */
	};
	rootObject = F1465EF523AA94BF0055F7C3 /* Project object */;
}
